
Microsoft Visual Studio Solution File, Format Version 12.00
# Visual Studio Version 16
VisualStudioVersion = 16.0.30114.105
MinimumVisualStudioVersion = 10.0.40219.1
Project("{FAE04EC0-301F-11D3-BF4B-00C04F79EFBC}") = "Project0.ClassLib", "Project0.ClassLib\Project0.ClassLib.csproj", "{00AB18E3-FE31-4DBD-BAAC-FE82C1C90D42}"
EndProject
Project("{FAE04EC0-301F-11D3-BF4B-00C04F79EFBC}") = "Project0.ConsoleApp", "Project0.ConsoleApp\Project0.ConsoleApp.csproj", "{A8106CAB-0CFE-4480-8245-F4D6E20DFDD3}"
EndProject
Project("{FAE04EC0-301F-11D3-BF4B-00C04F79EFBC}") = "Project0.Tests", "Project0.Tests\Project0.Tests.csproj", "{A2F25A91-52C4-4F81-8C75-771CBF055108}"
EndProject
Global
	GlobalSection(SolutionConfigurationPlatforms) = preSolution
		Debug|Any CPU = Debug|Any CPU
		Release|Any CPU = Release|Any CPU
	EndGlobalSection
	GlobalSection(SolutionProperties) = preSolution
		HideSolutionNode = FALSE
	EndGlobalSection
	GlobalSection(ProjectConfigurationPlatforms) = postSolution
		{00AB18E3-FE31-4DBD-BAAC-FE82C1C90D42}.Debug|Any CPU.ActiveCfg = Debug|Any CPU
		{00AB18E3-FE31-4DBD-BAAC-FE82C1C90D42}.Debug|Any CPU.Build.0 = Debug|Any CPU
		{00AB18E3-FE31-4DBD-BAAC-FE82C1C90D42}.Release|Any CPU.ActiveCfg = Release|Any CPU
		{00AB18E3-FE31-4DBD-BAAC-FE82C1C90D42}.Release|Any CPU.Build.0 = Release|Any CPU
		{A8106CAB-0CFE-4480-8245-F4D6E20DFDD3}.Debug|Any CPU.ActiveCfg = Debug|Any CPU
		{A8106CAB-0CFE-4480-8245-F4D6E20DFDD3}.Debug|Any CPU.Build.0 = Debug|Any CPU
		{A8106CAB-0CFE-4480-8245-F4D6E20DFDD3}.Release|Any CPU.ActiveCfg = Release|Any CPU
		{A8106CAB-0CFE-4480-8245-F4D6E20DFDD3}.Release|Any CPU.Build.0 = Release|Any CPU
		{A2F25A91-52C4-4F81-8C75-771CBF055108}.Debug|Any CPU.ActiveCfg = Debug|Any CPU
		{A2F25A91-52C4-4F81-8C75-771CBF055108}.Debug|Any CPU.Build.0 = Debug|Any CPU
		{A2F25A91-52C4-4F81-8C75-771CBF055108}.Release|Any CPU.ActiveCfg = Release|Any CPU
		{A2F25A91-52C4-4F81-8C75-771CBF055108}.Release|Any CPU.Build.0 = Release|Any CPU
	EndGlobalSection
EndGlobal
